{
  "originHash" : "256fcbf642b3f1b121cee724867478e13d36556f4d5d08aa524e64a91345453e",
  "pins" : [
    {
      "identity" : "pyswiftast",
      "kind" : "remoteSourceControl",
      "location" : "https://github.com/Py-Swift/PySwiftAST.git",
      "state" : {
        "branch" : "master",
        "revision" : "c757b0d9e7975b59d3c670fea8a99b043e2cb4ba"
      }
    },
    {
      "identity" : "swiftykvlang",
      "kind" : "remoteSourceControl",
      "location" : "https://github.com/Py-Swift/SwiftyKvLang",
      "state" : {
        "branch" : "master",
        "revision" : "6c462bbddc8e862103f4db1991684d28756e5e48"
      }
    }
  ],
  "version" : 3
}
